
Microsoft Visual Studio Solution File, Format Version 12.00
# Visual Studio 15
VisualStudioVersion = 15.0.26730.3
MinimumVisualStudioVersion = 10.0.40219.1
Project("{FAE04EC0-301F-11D3-BF4B-00C04F79EFBC}") = "QASystem", "QASystem\QASystem.csproj", "{1C890168-494E-4839-8DA4-7542D0968A29}"
EndProject
Project("{FAE04EC0-301F-11D3-BF4B-00C04F79EFBC}") = "QASystem.Models", "QASystem.Domain\QASystem.Models.csproj", "{2EBA91F2-3952-46DB-A876-16C75C3127C2}"
EndProject
Global
	GlobalSection(SolutionConfigurationPlatforms) = preSolution
		Debug|Any CPU = Debug|Any CPU
		Release|Any CPU = Release|Any CPU
	EndGlobalSection
	GlobalSection(ProjectConfigurationPlatforms) = postSolution
		{1C890168-494E-4839-8DA4-7542D0968A29}.Debug|Any CPU.ActiveCfg = Debug|Any CPU
		{1C890168-494E-4839-8DA4-7542D0968A29}.Debug|Any CPU.Build.0 = Debug|Any CPU
		{1C890168-494E-4839-8DA4-7542D0968A29}.Release|Any CPU.ActiveCfg = Release|Any CPU
		{1C890168-494E-4839-8DA4-7542D0968A29}.Release|Any CPU.Build.0 = Release|Any CPU
		{2EBA91F2-3952-46DB-A876-16C75C3127C2}.Debug|Any CPU.ActiveCfg = Debug|Any CPU
		{2EBA91F2-3952-46DB-A876-16C75C3127C2}.Debug|Any CPU.Build.0 = Debug|Any CPU
		{2EBA91F2-3952-46DB-A876-16C75C3127C2}.Release|Any CPU.ActiveCfg = Release|Any CPU
		{2EBA91F2-3952-46DB-A876-16C75C3127C2}.Release|Any CPU.Build.0 = Release|Any CPU
	EndGlobalSection
	GlobalSection(SolutionProperties) = preSolution
		HideSolutionNode = FALSE
	EndGlobalSection
	GlobalSection(ExtensibilityGlobals) = postSolution
		SolutionGuid = {F1B0C540-E3FE-4857-9A1B-E92086ED5EB4}
	EndGlobalSection
EndGlobal
